
Microsoft Visual Studio Solution File, Format Version 12.00
# Visual Studio Version 16
VisualStudioVersion = 16.0.29728.190
MinimumVisualStudioVersion = 10.0.40219.1
Project("{FAE04EC0-301F-11D3-BF4B-00C04F79EFBC}") = "BlazorDDL.Server", "BlazorDDL\Server\BlazorDDL.Server.csproj", "{BBC8E0C5-9DFA-4350-96AE-4C07839CAF6F}"
EndProject
Project("{FAE04EC0-301F-11D3-BF4B-00C04F79EFBC}") = "BlazorDDL.Client", "BlazorDDL\Client\BlazorDDL.Client.csproj", "{4A448D7C-B6C1-4894-B6C5-E52DE5FD9A9F}"
EndProject
Project("{FAE04EC0-301F-11D3-BF4B-00C04F79EFBC}") = "BlazorDDL.Shared", "BlazorDDL\Shared\BlazorDDL.Shared.csproj", "{CF10ADB2-6173-4A31-B5AD-3FCFA0620244}"
EndProject
Global
	GlobalSection(SolutionConfigurationPlatforms) = preSolution
		Debug|Any CPU = Debug|Any CPU
		Release|Any CPU = Release|Any CPU
	EndGlobalSection
	GlobalSection(ProjectConfigurationPlatforms) = postSolution
		{BBC8E0C5-9DFA-4350-96AE-4C07839CAF6F}.Debug|Any CPU.ActiveCfg = Debug|Any CPU
		{BBC8E0C5-9DFA-4350-96AE-4C07839CAF6F}.Debug|Any CPU.Build.0 = Debug|Any CPU
		{BBC8E0C5-9DFA-4350-96AE-4C07839CAF6F}.Release|Any CPU.ActiveCfg = Release|Any CPU
		{BBC8E0C5-9DFA-4350-96AE-4C07839CAF6F}.Release|Any CPU.Build.0 = Release|Any CPU
		{4A448D7C-B6C1-4894-B6C5-E52DE5FD9A9F}.Debug|Any CPU.ActiveCfg = Debug|Any CPU
		{4A448D7C-B6C1-4894-B6C5-E52DE5FD9A9F}.Debug|Any CPU.Build.0 = Debug|Any CPU
		{4A448D7C-B6C1-4894-B6C5-E52DE5FD9A9F}.Release|Any CPU.ActiveCfg = Release|Any CPU
		{4A448D7C-B6C1-4894-B6C5-E52DE5FD9A9F}.Release|Any CPU.Build.0 = Release|Any CPU
		{CF10ADB2-6173-4A31-B5AD-3FCFA0620244}.Debug|Any CPU.ActiveCfg = Debug|Any CPU
		{CF10ADB2-6173-4A31-B5AD-3FCFA0620244}.Debug|Any CPU.Build.0 = Debug|Any CPU
		{CF10ADB2-6173-4A31-B5AD-3FCFA0620244}.Release|Any CPU.ActiveCfg = Release|Any CPU
		{CF10ADB2-6173-4A31-B5AD-3FCFA0620244}.Release|Any CPU.Build.0 = Release|Any CPU
	EndGlobalSection
	GlobalSection(SolutionProperties) = preSolution
		HideSolutionNode = FALSE
	EndGlobalSection
	GlobalSection(ExtensibilityGlobals) = postSolution
		SolutionGuid = {F498C2FB-372C-446B-A5CB-79535163D64E}
	EndGlobalSection
EndGlobal
